
Microsoft Visual Studio Solution File, Format Version 12.00
# Visual Studio Version 16
VisualStudioVersion = 16.0.30320.27
MinimumVisualStudioVersion = 10.0.40219.1
Project("{FAE04EC0-301F-11D3-BF4B-00C04F79EFBC}") = "HartmannPractical", "HartmannPractical\HartmannPractical.csproj", "{3FDA7F03-7617-4D71-9229-560C4C4051F2}"
EndProject
Global
	GlobalSection(SolutionConfigurationPlatforms) = preSolution
		Debug|Any CPU = Debug|Any CPU
		Release|Any CPU = Release|Any CPU
	EndGlobalSection
	GlobalSection(ProjectConfigurationPlatforms) = postSolution
		{3FDA7F03-7617-4D71-9229-560C4C4051F2}.Debug|Any CPU.ActiveCfg = Debug|Any CPU
		{3FDA7F03-7617-4D71-9229-560C4C4051F2}.Debug|Any CPU.Build.0 = Debug|Any CPU
		{3FDA7F03-7617-4D71-9229-560C4C4051F2}.Release|Any CPU.ActiveCfg = Release|Any CPU
		{3FDA7F03-7617-4D71-9229-560C4C4051F2}.Release|Any CPU.Build.0 = Release|Any CPU
	EndGlobalSection
	GlobalSection(SolutionProperties) = preSolution
		HideSolutionNode = FALSE
	EndGlobalSection
	GlobalSection(ExtensibilityGlobals) = postSolution
		SolutionGuid = {C5FEC77D-2F6F-44A4-9CBA-545D20E5AC87}
	EndGlobalSection
EndGlobal
